
Microsoft Visual Studio Solution File, Format Version 12.00
# Visual Studio Version 16
VisualStudioVersion = 16.0.29424.173
MinimumVisualStudioVersion = 10.0.40219.1
Project("{FAE04EC0-301F-11D3-BF4B-00C04F79EFBC}") = "VendorAvailabilitySystem", "VendorAvailabilitySystem.csproj", "{A12CAEEC-5204-40CD-8DDC-99FB4E738FCE}"
EndProject
Global
	GlobalSection(SolutionConfigurationPlatforms) = preSolution
		Debug|Any CPU = Debug|Any CPU
		Release|Any CPU = Release|Any CPU
	EndGlobalSection
	GlobalSection(ProjectConfigurationPlatforms) = postSolution
		{A12CAEEC-5204-40CD-8DDC-99FB4E738FCE}.Debug|Any CPU.ActiveCfg = Debug|Any CPU
		{A12CAEEC-5204-40CD-8DDC-99FB4E738FCE}.Debug|Any CPU.Build.0 = Debug|Any CPU
		{A12CAEEC-5204-40CD-8DDC-99FB4E738FCE}.Release|Any CPU.ActiveCfg = Release|Any CPU
		{A12CAEEC-5204-40CD-8DDC-99FB4E738FCE}.Release|Any CPU.Build.0 = Release|Any CPU
	EndGlobalSection
	GlobalSection(SolutionProperties) = preSolution
		HideSolutionNode = FALSE
	EndGlobalSection
	GlobalSection(ExtensibilityGlobals) = postSolution
		SolutionGuid = {F9469FEF-810B-4768-AF25-9CD5B4112657}
	EndGlobalSection
EndGlobal
